
Microsoft Visual Studio Solution File, Format Version 12.00
# Visual Studio Version 17
VisualStudioVersion = 17.14.36221.1 d17.14
MinimumVisualStudioVersion = 10.0.40219.1
Project("{FAE04EC0-301F-11D3-BF4B-00C04F79EFBC}") = "TryParseMethod", "TryParseMethod\TryParseMethod.csproj", "{15DB91FF-3BB0-4E07-B677-9BE99A54F94B}"
EndProject
Global
	GlobalSection(SolutionConfigurationPlatforms) = preSolution
		Debug|Any CPU = Debug|Any CPU
		Release|Any CPU = Release|Any CPU
	EndGlobalSection
	GlobalSection(ProjectConfigurationPlatforms) = postSolution
		{15DB91FF-3BB0-4E07-B677-9BE99A54F94B}.Debug|Any CPU.ActiveCfg = Debug|Any CPU
		{15DB91FF-3BB0-4E07-B677-9BE99A54F94B}.Debug|Any CPU.Build.0 = Debug|Any CPU
		{15DB91FF-3BB0-4E07-B677-9BE99A54F94B}.Release|Any CPU.ActiveCfg = Release|Any CPU
		{15DB91FF-3BB0-4E07-B677-9BE99A54F94B}.Release|Any CPU.Build.0 = Release|Any CPU
	EndGlobalSection
	GlobalSection(SolutionProperties) = preSolution
		HideSolutionNode = FALSE
	EndGlobalSection
	GlobalSection(ExtensibilityGlobals) = postSolution
		SolutionGuid = {06DBF186-9C0C-4133-B12E-B1F585841532}
	EndGlobalSection
EndGlobal
