
Microsoft Visual Studio Solution File, Format Version 12.00
# Visual Studio Version 17
VisualStudioVersion = 17.14.36221.1 d17.14
MinimumVisualStudioVersion = 10.0.40219.1
Project("{FAE04EC0-301F-11D3-BF4B-00C04F79EFBC}") = "Desafio_If_Mejorado", "Desafio_If_Mejorado\Desafio_If_Mejorado.csproj", "{BEE1AA88-FBBC-4985-89E0-45C2D2946B30}"
EndProject
Global
	GlobalSection(SolutionConfigurationPlatforms) = preSolution
		Debug|Any CPU = Debug|Any CPU
		Release|Any CPU = Release|Any CPU
	EndGlobalSection
	GlobalSection(ProjectConfigurationPlatforms) = postSolution
		{BEE1AA88-FBBC-4985-89E0-45C2D2946B30}.Debug|Any CPU.ActiveCfg = Debug|Any CPU
		{BEE1AA88-FBBC-4985-89E0-45C2D2946B30}.Debug|Any CPU.Build.0 = Debug|Any CPU
		{BEE1AA88-FBBC-4985-89E0-45C2D2946B30}.Release|Any CPU.ActiveCfg = Release|Any CPU
		{BEE1AA88-FBBC-4985-89E0-45C2D2946B30}.Release|Any CPU.Build.0 = Release|Any CPU
	EndGlobalSection
	GlobalSection(SolutionProperties) = preSolution
		HideSolutionNode = FALSE
	EndGlobalSection
	GlobalSection(ExtensibilityGlobals) = postSolution
		SolutionGuid = {AACE3B20-98BD-4D14-8DDB-947ED224C560}
	EndGlobalSection
EndGlobal
