
Microsoft Visual Studio Solution File, Format Version 12.00
# Visual Studio Version 17
VisualStudioVersion = 17.14.36221.1 d17.14
MinimumVisualStudioVersion = 10.0.40219.1
Project("{FAE04EC0-301F-11D3-BF4B-00C04F79EFBC}") = "OperadorTernario_IF_mejorada", "OperadorTernario_IF_mejorada\OperadorTernario_IF_mejorada.csproj", "{1E951400-A56B-477B-AFFB-1F4D47897086}"
EndProject
Global
	GlobalSection(SolutionConfigurationPlatforms) = preSolution
		Debug|Any CPU = Debug|Any CPU
		Release|Any CPU = Release|Any CPU
	EndGlobalSection
	GlobalSection(ProjectConfigurationPlatforms) = postSolution
		{1E951400-A56B-477B-AFFB-1F4D47897086}.Debug|Any CPU.ActiveCfg = Debug|Any CPU
		{1E951400-A56B-477B-AFFB-1F4D47897086}.Debug|Any CPU.Build.0 = Debug|Any CPU
		{1E951400-A56B-477B-AFFB-1F4D47897086}.Release|Any CPU.ActiveCfg = Release|Any CPU
		{1E951400-A56B-477B-AFFB-1F4D47897086}.Release|Any CPU.Build.0 = Release|Any CPU
	EndGlobalSection
	GlobalSection(SolutionProperties) = preSolution
		HideSolutionNode = FALSE
	EndGlobalSection
	GlobalSection(ExtensibilityGlobals) = postSolution
		SolutionGuid = {F5DCBEEC-D23C-4C6A-B5B6-1B4BC29434F0}
	EndGlobalSection
EndGlobal
