
Microsoft Visual Studio Solution File, Format Version 12.00
# Visual Studio Version 17
VisualStudioVersion = 17.14.36221.1 d17.14
MinimumVisualStudioVersion = 10.0.40219.1
Project("{FAE04EC0-301F-11D3-BF4B-00C04F79EFBC}") = "ManejoDeErrores", "ManejoDeErrores\ManejoDeErrores.csproj", "{29C4DEE9-A13C-4FE4-9B33-4C7931C89C3D}"
EndProject
Global
	GlobalSection(SolutionConfigurationPlatforms) = preSolution
		Debug|Any CPU = Debug|Any CPU
		Release|Any CPU = Release|Any CPU
	EndGlobalSection
	GlobalSection(ProjectConfigurationPlatforms) = postSolution
		{29C4DEE9-A13C-4FE4-9B33-4C7931C89C3D}.Debug|Any CPU.ActiveCfg = Debug|Any CPU
		{29C4DEE9-A13C-4FE4-9B33-4C7931C89C3D}.Debug|Any CPU.Build.0 = Debug|Any CPU
		{29C4DEE9-A13C-4FE4-9B33-4C7931C89C3D}.Release|Any CPU.ActiveCfg = Release|Any CPU
		{29C4DEE9-A13C-4FE4-9B33-4C7931C89C3D}.Release|Any CPU.Build.0 = Release|Any CPU
	EndGlobalSection
	GlobalSection(SolutionProperties) = preSolution
		HideSolutionNode = FALSE
	EndGlobalSection
	GlobalSection(ExtensibilityGlobals) = postSolution
		SolutionGuid = {7FDE6A4E-7A50-4178-91D0-7B1628AFAD3D}
	EndGlobalSection
EndGlobal
