
Microsoft Visual Studio Solution File, Format Version 12.00
# Visual Studio Version 17
VisualStudioVersion = 17.14.36301.6 d17.14
MinimumVisualStudioVersion = 10.0.40219.1
Project("{FAE04EC0-301F-11D3-BF4B-00C04F79EFBC}") = "TaTeTi_Game", "TaTeTi_Game\TaTeTi_Game.csproj", "{54E241FF-7A70-4995-BF58-E997728466FF}"
EndProject
Global
	GlobalSection(SolutionConfigurationPlatforms) = preSolution
		Debug|Any CPU = Debug|Any CPU
		Release|Any CPU = Release|Any CPU
	EndGlobalSection
	GlobalSection(ProjectConfigurationPlatforms) = postSolution
		{54E241FF-7A70-4995-BF58-E997728466FF}.Debug|Any CPU.ActiveCfg = Debug|Any CPU
		{54E241FF-7A70-4995-BF58-E997728466FF}.Debug|Any CPU.Build.0 = Debug|Any CPU
		{54E241FF-7A70-4995-BF58-E997728466FF}.Release|Any CPU.ActiveCfg = Release|Any CPU
		{54E241FF-7A70-4995-BF58-E997728466FF}.Release|Any CPU.Build.0 = Release|Any CPU
	EndGlobalSection
	GlobalSection(SolutionProperties) = preSolution
		HideSolutionNode = FALSE
	EndGlobalSection
	GlobalSection(ExtensibilityGlobals) = postSolution
		SolutionGuid = {3333D136-9541-4D74-84B5-487EAB6FD281}
	EndGlobalSection
EndGlobal
