
Microsoft Visual Studio Solution File, Format Version 12.00
# Visual Studio Version 17
VisualStudioVersion = 17.14.36301.6 d17.14
MinimumVisualStudioVersion = 10.0.40219.1
Project("{FAE04EC0-301F-11D3-BF4B-00C04F79EFBC}") = "Arrays", "Arrays\Arrays.csproj", "{83F806A2-3A2F-46FA-A8FE-C96B7E52539D}"
EndProject
Global
	GlobalSection(SolutionConfigurationPlatforms) = preSolution
		Debug|Any CPU = Debug|Any CPU
		Release|Any CPU = Release|Any CPU
	EndGlobalSection
	GlobalSection(ProjectConfigurationPlatforms) = postSolution
		{83F806A2-3A2F-46FA-A8FE-C96B7E52539D}.Debug|Any CPU.ActiveCfg = Debug|Any CPU
		{83F806A2-3A2F-46FA-A8FE-C96B7E52539D}.Debug|Any CPU.Build.0 = Debug|Any CPU
		{83F806A2-3A2F-46FA-A8FE-C96B7E52539D}.Release|Any CPU.ActiveCfg = Release|Any CPU
		{83F806A2-3A2F-46FA-A8FE-C96B7E52539D}.Release|Any CPU.Build.0 = Release|Any CPU
	EndGlobalSection
	GlobalSection(SolutionProperties) = preSolution
		HideSolutionNode = FALSE
	EndGlobalSection
	GlobalSection(ExtensibilityGlobals) = postSolution
		SolutionGuid = {E2B7C8DB-B1C6-447C-912C-0B8149EBBEE0}
	EndGlobalSection
EndGlobal
