
Microsoft Visual Studio Solution File, Format Version 12.00
# Visual Studio Version 17
VisualStudioVersion = 17.14.36301.6 d17.14
MinimumVisualStudioVersion = 10.0.40219.1
Project("{FAE04EC0-301F-11D3-BF4B-00C04F79EFBC}") = "Constructores", "Constructores\Constructores.csproj", "{ED82EB45-5171-4948-985C-6FA500E87613}"
EndProject
Global
	GlobalSection(SolutionConfigurationPlatforms) = preSolution
		Debug|Any CPU = Debug|Any CPU
		Release|Any CPU = Release|Any CPU
	EndGlobalSection
	GlobalSection(ProjectConfigurationPlatforms) = postSolution
		{ED82EB45-5171-4948-985C-6FA500E87613}.Debug|Any CPU.ActiveCfg = Debug|Any CPU
		{ED82EB45-5171-4948-985C-6FA500E87613}.Debug|Any CPU.Build.0 = Debug|Any CPU
		{ED82EB45-5171-4948-985C-6FA500E87613}.Release|Any CPU.ActiveCfg = Release|Any CPU
		{ED82EB45-5171-4948-985C-6FA500E87613}.Release|Any CPU.Build.0 = Release|Any CPU
	EndGlobalSection
	GlobalSection(SolutionProperties) = preSolution
		HideSolutionNode = FALSE
	EndGlobalSection
	GlobalSection(ExtensibilityGlobals) = postSolution
		SolutionGuid = {E0C805E3-E865-4441-AD16-8BBEAA2C2296}
	EndGlobalSection
EndGlobal
