
Microsoft Visual Studio Solution File, Format Version 12.00
# Visual Studio Version 17
VisualStudioVersion = 17.14.36301.6 d17.14
MinimumVisualStudioVersion = 10.0.40219.1
Project("{FAE04EC0-301F-11D3-BF4B-00C04F79EFBC}") = "ArrayLists", "ArrayLists\ArrayLists.csproj", "{9ACB6BEF-6471-49CE-A477-3D7C428BCF11}"
EndProject
Global
	GlobalSection(SolutionConfigurationPlatforms) = preSolution
		Debug|Any CPU = Debug|Any CPU
		Release|Any CPU = Release|Any CPU
	EndGlobalSection
	GlobalSection(ProjectConfigurationPlatforms) = postSolution
		{9ACB6BEF-6471-49CE-A477-3D7C428BCF11}.Debug|Any CPU.ActiveCfg = Debug|Any CPU
		{9ACB6BEF-6471-49CE-A477-3D7C428BCF11}.Debug|Any CPU.Build.0 = Debug|Any CPU
		{9ACB6BEF-6471-49CE-A477-3D7C428BCF11}.Release|Any CPU.ActiveCfg = Release|Any CPU
		{9ACB6BEF-6471-49CE-A477-3D7C428BCF11}.Release|Any CPU.Build.0 = Release|Any CPU
	EndGlobalSection
	GlobalSection(SolutionProperties) = preSolution
		HideSolutionNode = FALSE
	EndGlobalSection
	GlobalSection(ExtensibilityGlobals) = postSolution
		SolutionGuid = {8E787B45-5471-4953-BBD8-2563B3AB2157}
	EndGlobalSection
EndGlobal
